
Microsoft Visual Studio Solution File, Format Version 12.00
# Visual Studio 15
VisualStudioVersion = 15.0.28307.1082
MinimumVisualStudioVersion = 10.0.40219.1
Project("{888888A0-9F3D-457C-B088-3A5042F75D52}") = "intermediate-python-course", "intermediate-python-course.pyproj", "{051E34FD-60B0-4A14-AE72-8EEA230757EA}"
EndProject
Global
	GlobalSection(SolutionConfigurationPlatforms) = preSolution
		Debug|Any CPU = Debug|Any CPU
		Release|Any CPU = Release|Any CPU
	EndGlobalSection
	GlobalSection(ProjectConfigurationPlatforms) = postSolution
		{051E34FD-60B0-4A14-AE72-8EEA230757EA}.Debug|Any CPU.ActiveCfg = Debug|Any CPU
		{051E34FD-60B0-4A14-AE72-8EEA230757EA}.Release|Any CPU.ActiveCfg = Release|Any CPU
	EndGlobalSection
	GlobalSection(SolutionProperties) = preSolution
		HideSolutionNode = FALSE
	EndGlobalSection
	GlobalSection(ExtensibilityGlobals) = postSolution
		SolutionGuid = {AE83F46F-C60F-4CB0-972D-514BD6AF1205}
	EndGlobalSection
EndGlobal
